
Microsoft Visual Studio Solution File, Format Version 12.00
# Visual Studio Version 17
VisualStudioVersion = 17.0.32112.339
MinimumVisualStudioVersion = 10.0.40219.1
Project("{FAE04EC0-301F-11D3-BF4B-00C04F79EFBC}") = "Laboratorio 5", "Laboratorio 5.csproj", "{3B81E134-3D3B-4BC9-9991-131D52A2F87E}"
EndProject
Global
	GlobalSection(SolutionConfigurationPlatforms) = preSolution
		Debug|Any CPU = Debug|Any CPU
		Release|Any CPU = Release|Any CPU
	EndGlobalSection
	GlobalSection(ProjectConfigurationPlatforms) = postSolution
		{3B81E134-3D3B-4BC9-9991-131D52A2F87E}.Debug|Any CPU.ActiveCfg = Debug|Any CPU
		{3B81E134-3D3B-4BC9-9991-131D52A2F87E}.Debug|Any CPU.Build.0 = Debug|Any CPU
		{3B81E134-3D3B-4BC9-9991-131D52A2F87E}.Release|Any CPU.ActiveCfg = Release|Any CPU
		{3B81E134-3D3B-4BC9-9991-131D52A2F87E}.Release|Any CPU.Build.0 = Release|Any CPU
	EndGlobalSection
	GlobalSection(SolutionProperties) = preSolution
		HideSolutionNode = FALSE
	EndGlobalSection
	GlobalSection(ExtensibilityGlobals) = postSolution
		SolutionGuid = {F175378E-7F5D-4943-8959-380EBA8D7081}
	EndGlobalSection
EndGlobal
